
Microsoft Visual Studio Solution File, Format Version 12.00
# Visual Studio Version 16
VisualStudioVersion = 16.0.31729.503
MinimumVisualStudioVersion = 10.0.40219.1
Project("{FAE04EC0-301F-11D3-BF4B-00C04F79EFBC}") = "icomoon", "icomoon.csproj", "{D195BB9E-952C-4980-9D26-35CC5F0E7D17}"
EndProject
Global
	GlobalSection(SolutionConfigurationPlatforms) = preSolution
		Debug|Any CPU = Debug|Any CPU
		Release|Any CPU = Release|Any CPU
	EndGlobalSection
	GlobalSection(ProjectConfigurationPlatforms) = postSolution
		{D195BB9E-952C-4980-9D26-35CC5F0E7D17}.Debug|Any CPU.ActiveCfg = Debug|Any CPU
		{D195BB9E-952C-4980-9D26-35CC5F0E7D17}.Debug|Any CPU.Build.0 = Debug|Any CPU
		{D195BB9E-952C-4980-9D26-35CC5F0E7D17}.Release|Any CPU.ActiveCfg = Release|Any CPU
		{D195BB9E-952C-4980-9D26-35CC5F0E7D17}.Release|Any CPU.Build.0 = Release|Any CPU
	EndGlobalSection
	GlobalSection(SolutionProperties) = preSolution
		HideSolutionNode = FALSE
	EndGlobalSection
	GlobalSection(ExtensibilityGlobals) = postSolution
		SolutionGuid = {DF52FB85-C1BB-49F5-871B-F2822E9E497F}
	EndGlobalSection
EndGlobal
