
Microsoft Visual Studio Solution File, Format Version 12.00
# Visual Studio Version 17
VisualStudioVersion = 17.2.32602.215
MinimumVisualStudioVersion = 10.0.40219.1
Project("{FAE04EC0-301F-11D3-BF4B-00C04F79EFBC}") = "Infocaster.Umbraco.IcomoonPicker", "src/Infocaster.Umbraco.IcomoonPicker\Infocaster.Umbraco.IcomoonPicker.csproj", "{F936C692-CB32-4B26-A0D1-29A560B8DF11}"
EndProject
Global
	GlobalSection(SolutionConfigurationPlatforms) = preSolution
		Debug|Any CPU = Debug|Any CPU
		Release|Any CPU = Release|Any CPU
	EndGlobalSection
	GlobalSection(ProjectConfigurationPlatforms) = postSolution
		{F936C692-CB32-4B26-A0D1-29A560B8DF11}.Debug|Any CPU.ActiveCfg = Debug|Any CPU
		{F936C692-CB32-4B26-A0D1-29A560B8DF11}.Debug|Any CPU.Build.0 = Debug|Any CPU
		{F936C692-CB32-4B26-A0D1-29A560B8DF11}.Release|Any CPU.ActiveCfg = Release|Any CPU
		{F936C692-CB32-4B26-A0D1-29A560B8DF11}.Release|Any CPU.Build.0 = Release|Any CPU
	EndGlobalSection
	GlobalSection(SolutionProperties) = preSolution
		HideSolutionNode = FALSE
	EndGlobalSection
	GlobalSection(ExtensibilityGlobals) = postSolution
		SolutionGuid = {87E97441-12B5-4858-ABE1-E32CEF013EE3}
	EndGlobalSection
EndGlobal
